PODS:
  - Aniways (2.5.0.2)
  - JSQSystemSoundPlayer (2.0.0)
  - OCMock (3.1.1)

DEPENDENCIES:
  - Aniways
  - JSQSystemSoundPlayer
  - OCMock

SPEC CHECKSUMS:
  Aniways: eb3a8de59aa103d677626c4e4c8f0c5f8dce8337
  JSQSystemSoundPlayer: 74b22f446040c77a0d8f75615ae84125702967c6
  OCMock: a73f69963a8a542b0b343e2617650e4dca0cbbc2

COCOAPODS: 0.36.1
